
Microsoft Visual Studio Solution File, Format Version 12.00
# Visual Studio Version 17
VisualStudioVersion = 17.0.32014.148
MinimumVisualStudioVersion = 10.0.40219.1
Project("{9A19103F-16F7-4668-BE54-9A1E7A4F7556}") = "NoWoL.SourceGenerators", "src\NoWoL.SourceGenerators\NoWoL.SourceGenerators.csproj", "{719F24A8-480D-40EE-BD40-53616C4303E8}"
EndProject
Project("{9A19103F-16F7-4668-BE54-9A1E7A4F7556}") = "NoWoL.SourceGenerators.Tests", "tests\NoWoL.SourceGenerators.Tests\NoWoL.SourceGenerators.Tests.csproj", "{0BE20246-5CB3-4A53-8C9C-E96ED2C6E95D}"
EndProject
Global
	GlobalSection(SolutionConfigurationPlatforms) = preSolution
		Debug|Any CPU = Debug|Any CPU
		Release|Any CPU = Release|Any CPU
	EndGlobalSection
	GlobalSection(ProjectConfigurationPlatforms) = postSolution
		{719F24A8-480D-40EE-BD40-53616C4303E8}.Debug|Any CPU.ActiveCfg = Debug|Any CPU
		{719F24A8-480D-40EE-BD40-53616C4303E8}.Debug|Any CPU.Build.0 = Debug|Any CPU
		{719F24A8-480D-40EE-BD40-53616C4303E8}.Release|Any CPU.ActiveCfg = Release|Any CPU
		{719F24A8-480D-40EE-BD40-53616C4303E8}.Release|Any CPU.Build.0 = Release|Any CPU
		{0BE20246-5CB3-4A53-8C9C-E96ED2C6E95D}.Debug|Any CPU.ActiveCfg = Debug|Any CPU
		{0BE20246-5CB3-4A53-8C9C-E96ED2C6E95D}.Debug|Any CPU.Build.0 = Debug|Any CPU
		{0BE20246-5CB3-4A53-8C9C-E96ED2C6E95D}.Release|Any CPU.ActiveCfg = Release|Any CPU
		{0BE20246-5CB3-4A53-8C9C-E96ED2C6E95D}.Release|Any CPU.Build.0 = Release|Any CPU
	EndGlobalSection
	GlobalSection(SolutionProperties) = preSolution
		HideSolutionNode = FALSE
	EndGlobalSection
	GlobalSection(ExtensibilityGlobals) = postSolution
		SolutionGuid = {E176DD01-B91D-46E9-9DD7-4692F746A6D1}
	EndGlobalSection
EndGlobal
